// !$*UTF8*$!
{
	archiveVersion = 1;
	classes = {
	};
	objectVersion = 50;
	objects = {

/* Begin PBXBuildFile section */
		BD205D46272A48D00064BA27 /* FinalController.swift in Sources */ = {isa = PBXBuildFile; fileRef = BD205D45272A48D00064BA27 /* FinalController.swift */; };
		BD2B1ABF27301CF900607D18 /* ResultTableViewCell.swift in Sources */ = {isa = PBXBuildFile; fileRef = BD2B1ABE27301CF900607D18 /* ResultTableViewCell.swift */; };
		BD2B1AC127301D0000607D18 /* ResultTableViewCell.xib in Resources */ = {isa = PBXBuildFile; fileRef = BD2B1AC027301D0000607D18 /* ResultTableViewCell.xib */; };
		BDC63795272ECF5A0048DE1C /* Question.swift in Sources */ = {isa = PBXBuildFile; fileRef = BDC63794272ECF5A0048DE1C /* Question.swift */; };
		BDC63797272ED0640048DE1C /* Game.swift in Sources */ = {isa = PBXBuildFile; fileRef = BDC63796272ED0630048DE1C /* Game.swift */; };
		BDC63799272ED06A0048DE1C /* GameSession.swift in Sources */ = {isa = PBXBuildFile; fileRef = BDC63798272ED06A0048DE1C /* GameSession.swift */; };
		BDC6379B272ED0A90048DE1C /* RecordCaretaker.swift in Sources */ = {isa = PBXBuildFile; fileRef = BDC6379A272ED0A90048DE1C /* RecordCaretaker.swift */; };
		BDC6379D272ED39E0048DE1C /* Record.swift in Sources */ = {isa = PBXBuildFile; fileRef = BDC6379C272ED39D0048DE1C /* Record.swift */; };
		BDC6379F272ED3A30048DE1C /* ResultViewController.swift in Sources */ = {isa = PBXBuildFile; fileRef = BDC6379E272ED3A30048DE1C /* ResultViewController.swift */; };
		BDF79FF7272A1C5500CC4A5B /* AppDelegate.swift in Sources */ = {isa = PBXBuildFile; fileRef = BDF79FF6272A1C5500CC4A5B /* AppDelegate.swift */; };
		BDF79FF9272A1C5500CC4A5B /* SceneDelegate.swift in Sources */ = {isa = PBXBuildFile; fileRef = BDF79FF8272A1C5500CC4A5B /* SceneDelegate.swift */; };
		BDF79FFB272A1C5500CC4A5B /* GameViewController.swift in Sources */ = {isa = PBXBuildFile; fileRef = BDF79FFA272A1C5500CC4A5B /* GameViewController.swift */; };
		BDF79FFE272A1C5500CC4A5B /* Main.storyboard in Resources */ = {isa = PBXBuildFile; fileRef = BDF79FFC272A1C5500CC4A5B /* Main.storyboard */; };
		BDF7A000272A1C5600CC4A5B /* Assets.xcassets in Resources */ = {isa = PBXBuildFile; fileRef = BDF79FFF272A1C5600CC4A5B /* Assets.xcassets */; };
		BDF7A003272A1C5600CC4A5B /* LaunchScreen.storyboard in Resources */ = {isa = PBXBuildFile; fileRef = BDF7A001272A1C5600CC4A5B /* LaunchScreen.storyboard */; };
		BDF7A00B272A1EAE00CC4A5B /* MainVC.swift in Sources */ = {isa = PBXBuildFile; fileRef = BDF7A00A272A1EAE00CC4A5B /* MainVC.swift */; };
/* End PBXBuildFile section */

/* Begin PBXFileReference section */
		BD205D45272A48D00064BA27 /* FinalController.swift */ = {isa = PBXFileReference; lastKnownFileType = sourcecode.swift; path = FinalController.swift; sourceTree = "<group>"; };
		BD2B1ABE27301CF900607D18 /* ResultTableViewCell.swift */ = {isa = PBXFileReference; fileEncoding = 4; lastKnownFileType = sourcecode.swift; path = ResultTableViewCell.swift; sourceTree = "<group>"; };
		BD2B1AC027301D0000607D18 /* ResultTableViewCell.xib */ = {isa = PBXFileReference; fileEncoding = 4; lastKnownFileType = file.xib; path = ResultTableViewCell.xib; sourceTree = "<group>"; };
		BDC63794272ECF5A0048DE1C /* Question.swift */ = {isa = PBXFileReference; fileEncoding = 4; lastKnownFileType = sourcecode.swift; path = Question.swift; sourceTree = "<group>"; };
		BDC63796272ED0630048DE1C /* Game.swift */ = {isa = PBXFileReference; fileEncoding = 4; lastKnownFileType = sourcecode.swift; path = Game.swift; sourceTree = "<group>"; };
		BDC63798272ED06A0048DE1C /* GameSession.swift */ = {isa = PBXFileReference; fileEncoding = 4; lastKnownFileType = sourcecode.swift; path = GameSession.swift; sourceTree = "<group>"; };
		BDC6379A272ED0A90048DE1C /* RecordCaretaker.swift */ = {isa = PBXFileReference; fileEncoding = 4; lastKnownFileType = sourcecode.swift; path = RecordCaretaker.swift; sourceTree = "<group>"; };
		BDC6379C272ED39D0048DE1C /* Record.swift */ = {isa = PBXFileReference; fileEncoding = 4; lastKnownFileType = sourcecode.swift; path = Record.swift; sourceTree = "<group>"; };
		BDC6379E272ED3A30048DE1C /* ResultViewController.swift */ = {isa = PBXFileReference; fileEncoding = 4; lastKnownFileType = sourcecode.swift; path = ResultViewController.swift; sourceTree = "<group>"; };
		BDF79FF3272A1C5500CC4A5B /* Who_wants_to_be_a_millioner.app */ = {isa = PBXFileReference; explicitFileType = wrapper.application; includeInIndex = 0; path = Who_wants_to_be_a_millioner.app; sourceTree = BUILT_PRODUCTS_DIR; };
		BDF79FF6272A1C5500CC4A5B /* AppDelegate.swift */ = {isa = PBXFileReference; lastKnownFileType = sourcecode.swift; path = AppDelegate.swift; sourceTree = "<group>"; };
		BDF79FF8272A1C5500CC4A5B /* SceneDelegate.swift */ = {isa = PBXFileReference; lastKnownFileType = sourcecode.swift; path = SceneDelegate.swift; sourceTree = "<group>"; };
		BDF79FFA272A1C5500CC4A5B /* GameViewController.swift */ = {isa = PBXFileReference; lastKnownFileType = sourcecode.swift; path = GameViewController.swift; sourceTree = "<group>"; };
		BDF79FFD272A1C5500CC4A5B /* Base */ = {isa = PBXFileReference; lastKnownFileType = file.storyboard; name = Base; path = Base.lproj/Main.storyboard; sourceTree = "<group>"; };
		BDF79FFF272A1C5600CC4A5B /* Assets.xcassets */ = {isa = PBXFileReference; lastKnownFileType = folder.assetcatalog; path = Assets.xcassets; sourceTree = "<group>"; };
		BDF7A002272A1C5600CC4A5B /* Base */ = {isa = PBXFileReference; lastKnownFileType = file.storyboard; name = Base; path = Base.lproj/LaunchScreen.storyboard; sourceTree = "<group>"; };
		BDF7A004272A1C5600CC4A5B /* Info.plist */ = {isa = PBXFileReference; lastKnownFileType = text.plist.xml; path = Info.plist; sourceTree = "<group>"; };
		BDF7A00A272A1EAE00CC4A5B /* MainVC.swift */ = {isa = PBXFileReference; lastKnownFileType = sourcecode.swift; path = MainVC.swift; sourceTree = "<group>"; };
/* End PBXFileReference section */

/* Begin PBXFrameworksBuildPhase section */
		BDF79FF0272A1C5500CC4A5B /* Frameworks */ = {
			isa = PBXFrameworksBuildPhase;
			buildActionMask = 2147483647;
			files = (
			);
			runOnlyForDeploymentPostprocessing = 0;
		};
/* End PBXFrameworksBuildPhase section */

/* Begin PBXGroup section */
		BD2B1AE42730268E00607D18 /* ViewControllers */ = {
			isa = PBXGroup;
			children = (
				BDF79FFA272A1C5500CC4A5B /* GameViewController.swift */,
				BDC6379E272ED3A30048DE1C /* ResultViewController.swift */,
				BDF7A00A272A1EAE00CC4A5B /* MainVC.swift */,
				BD205D45272A48D00064BA27 /* FinalController.swift */,
			);
			path = ViewControllers;
			sourceTree = "<group>";
		};
		BD2B1AE5273026B500607D18 /* Record */ = {
			isa = PBXGroup;
			children = (
				BDC6379A272ED0A90048DE1C /* RecordCaretaker.swift */,
				BDC6379C272ED39D0048DE1C /* Record.swift */,
				BD2B1AC027301D0000607D18 /* ResultTableViewCell.xib */,
				BD2B1ABE27301CF900607D18 /* ResultTableViewCell.swift */,
			);
			path = Record;
			sourceTree = "<group>";
		};
		BD2B1AE6273026D600607D18 /* Game */ = {
			isa = PBXGroup;
			children = (
				BDC63796272ED0630048DE1C /* Game.swift */,
				BDC63794272ECF5A0048DE1C /* Question.swift */,
				BDC63798272ED06A0048DE1C /* GameSession.swift */,
			);
			path = Game;
			sourceTree = "<group>";
		};
		BDF79FEA272A1C5500CC4A5B = {
			isa = PBXGroup;
			children = (
				BDF79FF5272A1C5500CC4A5B /* Who_wants_to_be_a_millioner */,
				BDF79FF4272A1C5500CC4A5B /* Products */,
			);
			sourceTree = "<group>";
		};
		BDF79FF4272A1C5500CC4A5B /* Products */ = {
			isa = PBXGroup;
			children = (
				BDF79FF3272A1C5500CC4A5B /* Who_wants_to_be_a_millioner.app */,
			);
			name = Products;
			sourceTree = "<group>";
		};
		BDF79FF5272A1C5500CC4A5B /* Who_wants_to_be_a_millioner */ = {
			isa = PBXGroup;
			children = (
				BDF79FF6272A1C5500CC4A5B /* AppDelegate.swift */,
				BDF79FF8272A1C5500CC4A5B /* SceneDelegate.swift */,
				BDF79FFC272A1C5500CC4A5B /* Main.storyboard */,
				BDF7A001272A1C5600CC4A5B /* LaunchScreen.storyboard */,
				BD2B1AE42730268E00607D18 /* ViewControllers */,
				BD2B1AE5273026B500607D18 /* Record */,
				BD2B1AE6273026D600607D18 /* Game */,
				BDF79FFF272A1C5600CC4A5B /* Assets.xcassets */,
				BDF7A004272A1C5600CC4A5B /* Info.plist */,
			);
			path = Who_wants_to_be_a_millioner;
			sourceTree = "<group>";
		};
/* End PBXGroup section */

/* Begin PBXNativeTarget section */
		BDF79FF2272A1C5500CC4A5B /* Who_wants_to_be_a_millioner */ = {
			isa = PBXNativeTarget;
			buildConfigurationList = BDF7A007272A1C5600CC4A5B /* Build configuration list for PBXNativeTarget "Who_wants_to_be_a_millioner" */;
			buildPhases = (
				BDF79FEF272A1C5500CC4A5B /* Sources */,
				BDF79FF0272A1C5500CC4A5B /* Frameworks */,
				BDF79FF1272A1C5500CC4A5B /* Resources */,
			);
			buildRules = (
			);
			dependencies = (
			);
			name = Who_wants_to_be_a_millioner;
			productName = Who_wants_to_be_a_millioner;
			productReference = BDF79FF3272A1C5500CC4A5B /* Who_wants_to_be_a_millioner.app */;
			productType = "com.apple.product-type.application";
		};
/* End PBXNativeTarget section */

/* Begin PBXProject section */
		BDF79FEB272A1C5500CC4A5B /* Project object */ = {
			isa = PBXProject;
			attributes = {
				LastSwiftUpdateCheck = 1250;
				LastUpgradeCheck = 1250;
				TargetAttributes = {
					BDF79FF2272A1C5500CC4A5B = {
						CreatedOnToolsVersion = 12.5.1;
					};
				};
			};
			buildConfigurationList = BDF79FEE272A1C5500CC4A5B /* Build configuration list for PBXProject "Who_wants_to_be_a_millioner" */;
			compatibilityVersion = "Xcode 9.3";
			developmentRegion = en;
			hasScannedForEncodings = 0;
			knownRegions = (
				en,
				Base,
			);
			mainGroup = BDF79FEA272A1C5500CC4A5B;
			productRefGroup = BDF79FF4272A1C5500CC4A5B /* Products */;
			projectDirPath = "";
			projectRoot = "";
			targets = (
				BDF79FF2272A1C5500CC4A5B /* Who_wants_to_be_a_millioner */,
			);
		};
/* End PBXProject section */

/* Begin PBXResourcesBuildPhase section */
		BDF79FF1272A1C5500CC4A5B /* Resources */ = {
			isa = PBXResourcesBuildPhase;
			buildActionMask = 2147483647;
			files = (
				BDF7A003272A1C5600CC4A5B /* LaunchScreen.storyboard in Resources */,
				BDF7A000272A1C5600CC4A5B /* Assets.xcassets in Resources */,
				BD2B1AC127301D0000607D18 /* ResultTableViewCell.xib in Resources */,
				BDF79FFE272A1C5500CC4A5B /* Main.storyboard in Resources */,
			);
			runOnlyForDeploymentPostprocessing = 0;
		};
/* End PBXResourcesBuildPhase section */

/* Begin PBXSourcesBuildPhase section */
		BDF79FEF272A1C5500CC4A5B /* Sources */ = {
			isa = PBXSourcesBuildPhase;
			buildActionMask = 2147483647;
			files = (
				BDF79FFB272A1C5500CC4A5B /* GameViewController.swift in Sources */,
				BDF7A00B272A1EAE00CC4A5B /* MainVC.swift in Sources */,
				BD205D46272A48D00064BA27 /* FinalController.swift in Sources */,
				BDF79FF7272A1C5500CC4A5B /* AppDelegate.swift in Sources */,
				BDC6379B272ED0A90048DE1C /* RecordCaretaker.swift in Sources */,
				BDC6379D272ED39E0048DE1C /* Record.swift in Sources */,
				BDC63795272ECF5A0048DE1C /* Question.swift in Sources */,
				BDF79FF9272A1C5500CC4A5B /* SceneDelegate.swift in Sources */,
				BD2B1ABF27301CF900607D18 /* ResultTableViewCell.swift in Sources */,
				BDC63799272ED06A0048DE1C /* GameSession.swift in Sources */,
				BDC63797272ED0640048DE1C /* Game.swift in Sources */,
				BDC6379F272ED3A30048DE1C /* ResultViewController.swift in Sources */,
			);
			runOnlyForDeploymentPostprocessing = 0;
		};
/* End PBXSourcesBuildPhase section */

/* Begin PBXVariantGroup section */
		BDF79FFC272A1C5500CC4A5B /* Main.storyboard */ = {
			isa = PBXVariantGroup;
			children = (
				BDF79FFD272A1C5500CC4A5B /* Base */,
			);
			name = Main.storyboard;
			sourceTree = "<group>";
		};
		BDF7A001272A1C5600CC4A5B /* LaunchScreen.storyboard */ = {
			isa = PBXVariantGroup;
			children = (
				BDF7A002272A1C5600CC4A5B /* Base */,
			);
			name = LaunchScreen.storyboard;
			sourceTree = "<group>";
		};
/* End PBXVariantGroup section */

/* Begin XCBuildConfiguration section */
		BDF7A005272A1C5600CC4A5B /* Debug */ = {
			isa = XCBuildConfiguration;
			buildSettings = {
				ALWAYS_SEARCH_USER_PATHS = NO;
				CLANG_ANALYZER_NONNULL = YES;
				CLANG_ANALYZER_NUMBER_OBJECT_CONVERSION = YES_AGGRESSIVE;
				CLANG_CXX_LANGUAGE_STANDARD = "gnu++14";
				CLANG_CXX_LIBRARY = "libc++";
				CLANG_ENABLE_MODULES = YES;
				CLANG_ENABLE_OBJC_ARC = YES;
				CLANG_ENABLE_OBJC_WEAK = YES;
				CLANG_WARN_BLOCK_CAPTURE_AUTORELEASING = YES;
				CLANG_WARN_BOOL_CONVERSION = YES;
				CLANG_WARN_COMMA = YES;
				CLANG_WARN_CONSTANT_CONVERSION = YES;
				CLANG_WARN_DEPRECATED_OBJC_IMPLEMENTATIONS = YES;
				CLANG_WARN_DIRECT_OBJC_ISA_USAGE = YES_ERROR;
				CLANG_WARN_DOCUMENTATION_COMMENTS = YES;
				CLANG_WARN_EMPTY_BODY = YES;
				CLANG_WARN_ENUM_CONVERSION = YES;
				CLANG_WARN_INFINITE_RECURSION = YES;
				CLANG_WARN_INT_CONVERSION = YES;
				CLANG_WARN_NON_LITERAL_NULL_CONVERSION = YES;
				CLANG_WARN_OBJC_IMPLICIT_RETAIN_SELF = YES;
				CLANG_WARN_OBJC_LITERAL_CONVERSION = YES;
				CLANG_WARN_OBJC_ROOT_CLASS = YES_ERROR;
				CLANG_WARN_QUOTED_INCLUDE_IN_FRAMEWORK_HEADER = YES;
				CLANG_WARN_RANGE_LOOP_ANALYSIS = YES;
				CLANG_WARN_STRICT_PROTOTYPES = YES;
				CLANG_WARN_SUSPICIOUS_MOVE = YES;
				CLANG_WARN_UNGUARDED_AVAILABILITY = YES_AGGRESSIVE;
				CLANG_WARN_UNREACHABLE_CODE = YES;
				CLANG_WARN__DUPLICATE_METHOD_MATCH = YES;
				COPY_PHASE_STRIP = NO;
				DEBUG_INFORMATION_FORMAT = dwarf;
				ENABLE_STRICT_OBJC_MSGSEND = YES;
				ENABLE_TESTABILITY = YES;
				GCC_C_LANGUAGE_STANDARD = gnu11;
				GCC_DYNAMIC_NO_PIC = NO;
				GCC_NO_COMMON_BLOCKS = YES;
				GCC_OPTIMIZATION_LEVEL = 0;
				GCC_PREPROCESSOR_DEFINITIONS = (
					"DEBUG=1",
					"$(inherited)",
				);
				GCC_WARN_64_TO_32_BIT_CONVERSION = YES;
				GCC_WARN_ABOUT_RETURN_TYPE = YES_ERROR;
				GCC_WARN_UNDECLARED_SELECTOR = YES;
				GCC_WARN_UNINITIALIZED_AUTOS = YES_AGGRESSIVE;
				GCC_WARN_UNUSED_FUNCTION = YES;
				GCC_WARN_UNUSED_VARIABLE = YES;
				IPHONEOS_DEPLOYMENT_TARGET = 14.5;
				MTL_ENABLE_DEBUG_INFO = INCLUDE_SOURCE;
				MTL_FAST_MATH = YES;
				ONLY_ACTIVE_ARCH = YES;
				SDKROOT = iphoneos;
				SWIFT_ACTIVE_COMPILATION_CONDITIONS = DEBUG;
				SWIFT_OPTIMIZATION_LEVEL = "-Onone";
			};
			name = Debug;
		};
		BDF7A006272A1C5600CC4A5B /* Release */ = {
			isa = XCBuildConfiguration;
			buildSettings = {
				ALWAYS_SEARCH_USER_PATHS = NO;
				CLANG_ANALYZER_NONNULL = YES;
				CLANG_ANALYZER_NUMBER_OBJECT_CONVERSION = YES_AGGRESSIVE;
				CLANG_CXX_LANGUAGE_STANDARD = "gnu++14";
				CLANG_CXX_LIBRARY = "libc++";
				CLANG_ENABLE_MODULES = YES;
				CLANG_ENABLE_OBJC_ARC = YES;
				CLANG_ENABLE_OBJC_WEAK = YES;
				CLANG_WARN_BLOCK_CAPTURE_AUTORELEASING = YES;
				CLANG_WARN_BOOL_CONVERSION = YES;
				CLANG_WARN_COMMA = YES;
				CLANG_WARN_CONSTANT_CONVERSION = YES;
				CLANG_WARN_DEPRECATED_OBJC_IMPLEMENTATIONS = YES;
				CLANG_WARN_DIRECT_OBJC_ISA_USAGE = YES_ERROR;
				CLANG_WARN_DOCUMENTATION_COMMENTS = YES;
				CLANG_WARN_EMPTY_BODY = YES;
				CLANG_WARN_ENUM_CONVERSION = YES;
				CLANG_WARN_INFINITE_RECURSION = YES;
				CLANG_WARN_INT_CONVERSION = YES;
				CLANG_WARN_NON_LITERAL_NULL_CONVERSION = YES;
				CLANG_WARN_OBJC_IMPLICIT_RETAIN_SELF = YES;
				CLANG_WARN_OBJC_LITERAL_CONVERSION = YES;
				CLANG_WARN_OBJC_ROOT_CLASS = YES_ERROR;
				CLANG_WARN_QUOTED_INCLUDE_IN_FRAMEWORK_HEADER = YES;
				CLANG_WARN_RANGE_LOOP_ANALYSIS = YES;
				CLANG_WARN_STRICT_PROTOTYPES = YES;
				CLANG_WARN_SUSPICIOUS_MOVE = YES;
				CLANG_WARN_UNGUARDED_AVAILABILITY = YES_AGGRESSIVE;
				CLANG_WARN_UNREACHABLE_CODE = YES;
				CLANG_WARN__DUPLICATE_METHOD_MATCH = YES;
				COPY_PHASE_STRIP = NO;
				DEBUG_INFORMATION_FORMAT = "dwarf-with-dsym";
				ENABLE_NS_ASSERTIONS = NO;
				ENABLE_STRICT_OBJC_MSGSEND = YES;
				GCC_C_LANGUAGE_STANDARD = gnu11;
				GCC_NO_COMMON_BLOCKS = YES;
				GCC_WARN_64_TO_32_BIT_CONVERSION = YES;
				GCC_WARN_ABOUT_RETURN_TYPE = YES_ERROR;
				GCC_WARN_UNDECLARED_SELECTOR = YES;
				GCC_WARN_UNINITIALIZED_AUTOS = YES_AGGRESSIVE;
				GCC_WARN_UNUSED_FUNCTION = YES;
				GCC_WARN_UNUSED_VARIABLE = YES;
				IPHONEOS_DEPLOYMENT_TARGET = 14.5;
				MTL_ENABLE_DEBUG_INFO = NO;
				MTL_FAST_MATH = YES;
				SDKROOT = iphoneos;
				SWIFT_COMPILATION_MODE = wholemodule;
				SWIFT_OPTIMIZATION_LEVEL = "-O";
				VALIDATE_PRODUCT = YES;
			};
			name = Release;
		};
		BDF7A008272A1C5600CC4A5B /* Debug */ = {
			isa = XCBuildConfiguration;
			buildSettings = {
				ASSETCATALOG_COMPILER_APPICON_NAME = AppIcon;
				ASSETCATALOG_COMPILER_GLOBAL_ACCENT_COLOR_NAME = AccentColor;
				CODE_SIGN_STYLE = Automatic;
				DEVELOPMENT_TEAM = NJCHCGPU3N;
				INFOPLIST_FILE = Who_wants_to_be_a_millioner/Info.plist;
				LD_RUNPATH_SEARCH_PATHS = (
					"$(inherited)",
					"@executable_path/Frameworks",
				);
				PRODUCT_BUNDLE_IDENTIFIER = "Denis.Who-wants-to-be-a-millioner";
				PRODUCT_NAME = "$(TARGET_NAME)";
				SWIFT_VERSION = 5.0;
				TARGETED_DEVICE_FAMILY = "1,2";
			};
			name = Debug;
		};
		BDF7A009272A1C5600CC4A5B /* Release */ = {
			isa = XCBuildConfiguration;
			buildSettings = {
				ASSETCATALOG_COMPILER_APPICON_NAME = AppIcon;
				ASSETCATALOG_COMPILER_GLOBAL_ACCENT_COLOR_NAME = AccentColor;
				CODE_SIGN_STYLE = Automatic;
				DEVELOPMENT_TEAM = NJCHCGPU3N;
				INFOPLIST_FILE = Who_wants_to_be_a_millioner/Info.plist;
				LD_RUNPATH_SEARCH_PATHS = (
					"$(inherited)",
					"@executable_path/Frameworks",
				);
				PRODUCT_BUNDLE_IDENTIFIER = "Denis.Who-wants-to-be-a-millioner";
				PRODUCT_NAME = "$(TARGET_NAME)";
				SWIFT_VERSION = 5.0;
				TARGETED_DEVICE_FAMILY = "1,2";
			};
			name = Release;
		};
/* End XCBuildConfiguration section */

/* Begin XCConfigurationList section */
		BDF79FEE272A1C5500CC4A5B /* Build configuration list for PBXProject "Who_wants_to_be_a_millioner" */ = {
			isa = XCConfigurationList;
			buildConfigurations = (
				BDF7A005272A1C5600CC4A5B /* Debug */,
				BDF7A006272A1C5600CC4A5B /* Release */,
			);
			defaultConfigurationIsVisible = 0;
			defaultConfigurationName = Release;
		};
		BDF7A007272A1C5600CC4A5B /* Build configuration list for PBXNativeTarget "Who_wants_to_be_a_millioner" */ = {
			isa = XCConfigurationList;
			buildConfigurations = (
				BDF7A008272A1C5600CC4A5B /* Debug */,
				BDF7A009272A1C5600CC4A5B /* Release */,
			);
			defaultConfigurationIsVisible = 0;
			defaultConfigurationName = Release;
		};
/* End XCConfigurationList section */
	};
	rootObject = BDF79FEB272A1C5500CC4A5B /* Project object */;
}
